
Microsoft Visual Studio Solution File, Format Version 12.00
# Visual Studio Version 17
VisualStudioVersion = 17.13.35806.99 d17.13
MinimumVisualStudioVersion = 10.0.40219.1
Project("{E24C65DC-7377-472B-9ABA-BC803B73C61A}") = "Homework_4", ".", "{A633844D-1A6A-6534-72AD-221A047D9DF9}"
	ProjectSection(WebsiteProperties) = preProject
		TargetFrameworkMoniker = ".NETFramework,Version%3Dv4.8"
		Debug.AspNetCompiler.VirtualPath = "/localhost_62940"
		Debug.AspNetCompiler.PhysicalPath = "..\Homework_4\"
		Debug.AspNetCompiler.TargetPath = "PrecompiledWeb\localhost_62940\"
		Debug.AspNetCompiler.Updateable = "true"
		Debug.AspNetCompiler.ForceOverwrite = "true"
		Debug.AspNetCompiler.FixedNames = "false"
		Debug.AspNetCompiler.Debug = "True"
		Release.AspNetCompiler.VirtualPath = "/localhost_62940"
		Release.AspNetCompiler.PhysicalPath = "..\Homework_4\"
		Release.AspNetCompiler.TargetPath = "PrecompiledWeb\localhost_62940\"
		Release.AspNetCompiler.Updateable = "true"
		Release.AspNetCompiler.ForceOverwrite = "true"
		Release.AspNetCompiler.FixedNames = "false"
		Release.AspNetCompiler.Debug = "False"
		VWDPort = "62940"
		SlnRelativePath = "..\Homework_4\"
	EndProjectSection
EndProject
Global
	GlobalSection(SolutionConfigurationPlatforms) = preSolution
		Debug|Any CPU = Debug|Any CPU
	EndGlobalSection
	GlobalSection(ProjectConfigurationPlatforms) = postSolution
		{A633844D-1A6A-6534-72AD-221A047D9DF9}.Debug|Any CPU.ActiveCfg = Debug|Any CPU
		{A633844D-1A6A-6534-72AD-221A047D9DF9}.Debug|Any CPU.Build.0 = Debug|Any CPU
	EndGlobalSection
	GlobalSection(SolutionProperties) = preSolution
		HideSolutionNode = FALSE
	EndGlobalSection
	GlobalSection(ExtensibilityGlobals) = postSolution
		SolutionGuid = {D7334006-9A86-437A-B2C6-6AAC1ED9C0CD}
	EndGlobalSection
EndGlobal
